// !$*UTF8*$!
{
	archiveVersion = 1;
	classes = {
	};
	objectVersion = 48;
	objects = {

/* Begin PBXBuildFile section */
		A903B4331FAC3D0800C81578 /* AppDelegate.swift in Sources */ = {isa = PBXBuildFile; fileRef = A903B4321FAC3D0800C81578 /* AppDelegate.swift */; };
		A903B4351FAC3D0800C81578 /* ViewController.swift in Sources */ = {isa = PBXBuildFile; fileRef = A903B4341FAC3D0800C81578 /* ViewController.swift */; };
		A903B4381FAC3D0800C81578 /* Main.storyboard in Resources */ = {isa = PBXBuildFile; fileRef = A903B4361FAC3D0800C81578 /* Main.storyboard */; };
		A903B43A1FAC3D0800C81578 /* Assets.xcassets in Resources */ = {isa = PBXBuildFile; fileRef = A903B4391FAC3D0800C81578 /* Assets.xcassets */; };
		A903B43D1FAC3D0800C81578 /* LaunchScreen.storyboard in Resources */ = {isa = PBXBuildFile; fileRef = A903B43B1FAC3D0800C81578 /* LaunchScreen.storyboard */; };
		A951CE971FADECEE00E8324F /* Meal.swift in Sources */ = {isa = PBXBuildFile; fileRef = A951CE961FADECEE00E8324F /* Meal.swift */; };
		A951CE991FAE313700E8324F /* MealsTableViewController.swift in Sources */ = {isa = PBXBuildFile; fileRef = A951CE981FAE313700E8324F /* MealsTableViewController.swift */; };
		A951CE9B1FAE33F300E8324F /* MealTableViewCell.swift in Sources */ = {isa = PBXBuildFile; fileRef = A951CE9A1FAE33F300E8324F /* MealTableViewCell.swift */; };
		A9A788321FADCE2D001123B2 /* RatingControl.swift in Sources */ = {isa = PBXBuildFile; fileRef = A9A788311FADCE2D001123B2 /* RatingControl.swift */; };
/* End PBXBuildFile section */

/* Begin PBXFileReference section */
		A903B42F1FAC3D0800C81578 /* Meal Browser.app */ = {isa = PBXFileReference; explicitFileType = wrapper.application; includeInIndex = 0; path = "Meal Browser.app"; sourceTree = BUILT_PRODUCTS_DIR; };
		A903B4321FAC3D0800C81578 /* AppDelegate.swift */ = {isa = PBXFileReference; lastKnownFileType = sourcecode.swift; path = AppDelegate.swift; sourceTree = "<group>"; };
		A903B4341FAC3D0800C81578 /* ViewController.swift */ = {isa = PBXFileReference; lastKnownFileType = sourcecode.swift; path = ViewController.swift; sourceTree = "<group>"; };
		A903B4371FAC3D0800C81578 /* Base */ = {isa = PBXFileReference; lastKnownFileType = file.storyboard; name = Base; path = Base.lproj/Main.storyboard; sourceTree = "<group>"; };
		A903B4391FAC3D0800C81578 /* Assets.xcassets */ = {isa = PBXFileReference; lastKnownFileType = folder.assetcatalog; path = Assets.xcassets; sourceTree = "<group>"; };
		A903B43C1FAC3D0800C81578 /* Base */ = {isa = PBXFileReference; lastKnownFileType = file.storyboard; name = Base; path = Base.lproj/LaunchScreen.storyboard; sourceTree = "<group>"; };
		A903B43E1FAC3D0800C81578 /* Info.plist */ = {isa = PBXFileReference; lastKnownFileType = text.plist.xml; path = Info.plist; sourceTree = "<group>"; };
		A951CE961FADECEE00E8324F /* Meal.swift */ = {isa = PBXFileReference; lastKnownFileType = sourcecode.swift; path = Meal.swift; sourceTree = "<group>"; };
		A951CE981FAE313700E8324F /* MealsTableViewController.swift */ = {isa = PBXFileReference; lastKnownFileType = sourcecode.swift; path = MealsTableViewController.swift; sourceTree = "<group>"; };
		A951CE9A1FAE33F300E8324F /* MealTableViewCell.swift */ = {isa = PBXFileReference; lastKnownFileType = sourcecode.swift; path = MealTableViewCell.swift; sourceTree = "<group>"; };
		A9A788311FADCE2D001123B2 /* RatingControl.swift */ = {isa = PBXFileReference; lastKnownFileType = sourcecode.swift; path = RatingControl.swift; sourceTree = "<group>"; };
/* End PBXFileReference section */

/* Begin PBXFrameworksBuildPhase section */
		A903B42C1FAC3D0800C81578 /* Frameworks */ = {
			isa = PBXFrameworksBuildPhase;
			buildActionMask = 2147483647;
			files = (
			);
			runOnlyForDeploymentPostprocessing = 0;
		};
/* End PBXFrameworksBuildPhase section */

/* Begin PBXGroup section */
		A903B4261FAC3D0800C81578 = {
			isa = PBXGroup;
			children = (
				A903B4311FAC3D0800C81578 /* Meal Browser */,
				A903B4301FAC3D0800C81578 /* Products */,
			);
			sourceTree = "<group>";
		};
		A903B4301FAC3D0800C81578 /* Products */ = {
			isa = PBXGroup;
			children = (
				A903B42F1FAC3D0800C81578 /* Meal Browser.app */,
			);
			name = Products;
			sourceTree = "<group>";
		};
		A903B4311FAC3D0800C81578 /* Meal Browser */ = {
			isa = PBXGroup;
			children = (
				A951CE961FADECEE00E8324F /* Meal.swift */,
				A903B4321FAC3D0800C81578 /* AppDelegate.swift */,
				A903B4341FAC3D0800C81578 /* ViewController.swift */,
				A9A788311FADCE2D001123B2 /* RatingControl.swift */,
				A903B4361FAC3D0800C81578 /* Main.storyboard */,
				A951CE9A1FAE33F300E8324F /* MealTableViewCell.swift */,
				A951CE981FAE313700E8324F /* MealsTableViewController.swift */,
				A903B4391FAC3D0800C81578 /* Assets.xcassets */,
				A903B43B1FAC3D0800C81578 /* LaunchScreen.storyboard */,
				A903B43E1FAC3D0800C81578 /* Info.plist */,
			);
			path = "Meal Browser";
			sourceTree = "<group>";
		};
/* End PBXGroup section */

/* Begin PBXNativeTarget section */
		A903B42E1FAC3D0800C81578 /* Meal Browser */ = {
			isa = PBXNativeTarget;
			buildConfigurationList = A903B4411FAC3D0800C81578 /* Build configuration list for PBXNativeTarget "Meal Browser" */;
			buildPhases = (
				A903B42B1FAC3D0800C81578 /* Sources */,
				A903B42C1FAC3D0800C81578 /* Frameworks */,
				A903B42D1FAC3D0800C81578 /* Resources */,
			);
			buildRules = (
			);
			dependencies = (
			);
			name = "Meal Browser";
			productName = "Meal Browser";
			productReference = A903B42F1FAC3D0800C81578 /* Meal Browser.app */;
			productType = "com.apple.product-type.application";
		};
/* End PBXNativeTarget section */

/* Begin PBXProject section */
		A903B4271FAC3D0800C81578 /* Project object */ = {
			isa = PBXProject;
			attributes = {
				LastSwiftUpdateCheck = 0900;
				LastUpgradeCheck = 0900;
				ORGANIZATIONNAME = conlini;
				TargetAttributes = {
					A903B42E1FAC3D0800C81578 = {
						CreatedOnToolsVersion = 9.0.1;
						ProvisioningStyle = Automatic;
					};
				};
			};
			buildConfigurationList = A903B42A1FAC3D0800C81578 /* Build configuration list for PBXProject "Meal Browser" */;
			compatibilityVersion = "Xcode 8.0";
			developmentRegion = en;
			hasScannedForEncodings = 0;
			knownRegions = (
				en,
				Base,
			);
			mainGroup = A903B4261FAC3D0800C81578;
			productRefGroup = A903B4301FAC3D0800C81578 /* Products */;
			projectDirPath = "";
			projectRoot = "";
			targets = (
				A903B42E1FAC3D0800C81578 /* Meal Browser */,
			);
		};
/* End PBXProject section */

/* Begin PBXResourcesBuildPhase section */
		A903B42D1FAC3D0800C81578 /* Resources */ = {
			isa = PBXResourcesBuildPhase;
			buildActionMask = 2147483647;
			files = (
				A903B43D1FAC3D0800C81578 /* LaunchScreen.storyboard in Resources */,
				A903B43A1FAC3D0800C81578 /* Assets.xcassets in Resources */,
				A903B4381FAC3D0800C81578 /* Main.storyboard in Resources */,
			);
			runOnlyForDeploymentPostprocessing = 0;
		};
/* End PBXResourcesBuildPhase section */

/* Begin PBXSourcesBuildPhase section */
		A903B42B1FAC3D0800C81578 /* Sources */ = {
			isa = PBXSourcesBuildPhase;
			buildActionMask = 2147483647;
			files = (
				A951CE991FAE313700E8324F /* MealsTableViewController.swift in Sources */,
				A951CE971FADECEE00E8324F /* Meal.swift in Sources */,
				A951CE9B1FAE33F300E8324F /* MealTableViewCell.swift in Sources */,
				A903B4351FAC3D0800C81578 /* ViewController.swift in Sources */,
				A9A788321FADCE2D001123B2 /* RatingControl.swift in Sources */,
				A903B4331FAC3D0800C81578 /* AppDelegate.swift in Sources */,
			);
			runOnlyForDeploymentPostprocessing = 0;
		};
/* End PBXSourcesBuildPhase section */

/* Begin PBXVariantGroup section */
		A903B4361FAC3D0800C81578 /* Main.storyboard */ = {
			isa = PBXVariantGroup;
			children = (
				A903B4371FAC3D0800C81578 /* Base */,
			);
			name = Main.storyboard;
			sourceTree = "<group>";
		};
		A903B43B1FAC3D0800C81578 /* LaunchScreen.storyboard */ = {
			isa = PBXVariantGroup;
			children = (
				A903B43C1FAC3D0800C81578 /* Base */,
			);
			name = LaunchScreen.storyboard;
			sourceTree = "<group>";
		};
/* End PBXVariantGroup section */

/* Begin XCBuildConfiguration section */
		A903B43F1FAC3D0800C81578 /* Debug */ = {
			isa = XCBuildConfiguration;
			buildSettings = {
				ALWAYS_SEARCH_USER_PATHS = NO;
				CLANG_ANALYZER_NONNULL = YES;
				CLANG_ANALYZER_NUMBER_OBJECT_CONVERSION = YES_AGGRESSIVE;
				CLANG_CXX_LANGUAGE_STANDARD = "gnu++14";
				CLANG_CXX_LIBRARY = "libc++";
				CLANG_ENABLE_MODULES = YES;
				CLANG_ENABLE_OBJC_ARC = YES;
				CLANG_WARN_BLOCK_CAPTURE_AUTORELEASING = YES;
				CLANG_WARN_BOOL_CONVERSION = YES;
				CLANG_WARN_COMMA = YES;
				CLANG_WARN_CONSTANT_CONVERSION = YES;
				CLANG_WARN_DIRECT_OBJC_ISA_USAGE = YES_ERROR;
				CLANG_WARN_DOCUMENTATION_COMMENTS = YES;
				CLANG_WARN_EMPTY_BODY = YES;
				CLANG_WARN_ENUM_CONVERSION = YES;
				CLANG_WARN_INFINITE_RECURSION = YES;
				CLANG_WARN_INT_CONVERSION = YES;
				CLANG_WARN_NON_LITERAL_NULL_CONVERSION = YES;
				CLANG_WARN_OBJC_LITERAL_CONVERSION = YES;
				CLANG_WARN_OBJC_ROOT_CLASS = YES_ERROR;
				CLANG_WARN_RANGE_LOOP_ANALYSIS = YES;
				CLANG_WARN_STRICT_PROTOTYPES = YES;
				CLANG_WARN_SUSPICIOUS_MOVE = YES;
				CLANG_WARN_UNGUARDED_AVAILABILITY = YES_AGGRESSIVE;
				CLANG_WARN_UNREACHABLE_CODE = YES;
				CLANG_WARN__DUPLICATE_METHOD_MATCH = YES;
				CODE_SIGN_IDENTITY = "iPhone Developer";
				COPY_PHASE_STRIP = NO;
				DEBUG_INFORMATION_FORMAT = dwarf;
				ENABLE_STRICT_OBJC_MSGSEND = YES;
				ENABLE_TESTABILITY = YES;
				GCC_C_LANGUAGE_STANDARD = gnu11;
				GCC_DYNAMIC_NO_PIC = NO;
				GCC_NO_COMMON_BLOCKS = YES;
				GCC_OPTIMIZATION_LEVEL = 0;
				GCC_PREPROCESSOR_DEFINITIONS = (
					"DEBUG=1",
					"$(inherited)",
				);
				GCC_WARN_64_TO_32_BIT_CONVERSION = YES;
				GCC_WARN_ABOUT_RETURN_TYPE = YES_ERROR;
				GCC_WARN_UNDECLARED_SELECTOR = YES;
				GCC_WARN_UNINITIALIZED_AUTOS = YES_AGGRESSIVE;
				GCC_WARN_UNUSED_FUNCTION = YES;
				GCC_WARN_UNUSED_VARIABLE = YES;
				IPHONEOS_DEPLOYMENT_TARGET = 11.0;
				MTL_ENABLE_DEBUG_INFO = YES;
				ONLY_ACTIVE_ARCH = YES;
				SDKROOT = iphoneos;
				SWIFT_ACTIVE_COMPILATION_CONDITIONS = DEBUG;
				SWIFT_OPTIMIZATION_LEVEL = "-Onone";
			};
			name = Debug;
		};
		A903B4401FAC3D0800C81578 /* Release */ = {
			isa = XCBuildConfiguration;
			buildSettings = {
				ALWAYS_SEARCH_USER_PATHS = NO;
				CLANG_ANALYZER_NONNULL = YES;
				CLANG_ANALYZER_NUMBER_OBJECT_CONVERSION = YES_AGGRESSIVE;
				CLANG_CXX_LANGUAGE_STANDARD = "gnu++14";
				CLANG_CXX_LIBRARY = "libc++";
				CLANG_ENABLE_MODULES = YES;
				CLANG_ENABLE_OBJC_ARC = YES;
				CLANG_WARN_BLOCK_CAPTURE_AUTORELEASING = YES;
				CLANG_WARN_BOOL_CONVERSION = YES;
				CLANG_WARN_COMMA = YES;
				CLANG_WARN_CONSTANT_CONVERSION = YES;
				CLANG_WARN_DIRECT_OBJC_ISA_USAGE = YES_ERROR;
				CLANG_WARN_DOCUMENTATION_COMMENTS = YES;
				CLANG_WARN_EMPTY_BODY = YES;
				CLANG_WARN_ENUM_CONVERSION = YES;
				CLANG_WARN_INFINITE_RECURSION = YES;
				CLANG_WARN_INT_CONVERSION = YES;
				CLANG_WARN_NON_LITERAL_NULL_CONVERSION = YES;
				CLANG_WARN_OBJC_LITERAL_CONVERSION = YES;
				CLANG_WARN_OBJC_ROOT_CLASS = YES_ERROR;
				CLANG_WARN_RANGE_LOOP_ANALYSIS = YES;
				CLANG_WARN_STRICT_PROTOTYPES = YES;
				CLANG_WARN_SUSPICIOUS_MOVE = YES;
				CLANG_WARN_UNGUARDED_AVAILABILITY = YES_AGGRESSIVE;
				CLANG_WARN_UNREACHABLE_CODE = YES;
				CLANG_WARN__DUPLICATE_METHOD_MATCH = YES;
				CODE_SIGN_IDENTITY = "iPhone Developer";
				COPY_PHASE_STRIP = NO;
				DEBUG_INFORMATION_FORMAT = "dwarf-with-dsym";
				ENABLE_NS_ASSERTIONS = NO;
				ENABLE_STRICT_OBJC_MSGSEND = YES;
				GCC_C_LANGUAGE_STANDARD = gnu11;
				GCC_NO_COMMON_BLOCKS = YES;
				GCC_WARN_64_TO_32_BIT_CONVERSION = YES;
				GCC_WARN_ABOUT_RETURN_TYPE = YES_ERROR;
				GCC_WARN_UNDECLARED_SELECTOR = YES;
				GCC_WARN_UNINITIALIZED_AUTOS = YES_AGGRESSIVE;
				GCC_WARN_UNUSED_FUNCTION = YES;
				GCC_WARN_UNUSED_VARIABLE = YES;
				IPHONEOS_DEPLOYMENT_TARGET = 11.0;
				MTL_ENABLE_DEBUG_INFO = NO;
				SDKROOT = iphoneos;
				SWIFT_OPTIMIZATION_LEVEL = "-Owholemodule";
				VALIDATE_PRODUCT = YES;
			};
			name = Release;
		};
		A903B4421FAC3D0800C81578 /* Debug */ = {
			isa = XCBuildConfiguration;
			buildSettings = {
				ASSETCATALOG_COMPILER_APPICON_NAME = AppIcon;
				CODE_SIGN_STYLE = Automatic;
				DEVELOPMENT_TEAM = F94X9793HM;
				INFOPLIST_FILE = "Meal Browser/Info.plist";
				LD_RUNPATH_SEARCH_PATHS = "$(inherited) @executable_path/Frameworks";
				PRODUCT_BUNDLE_IDENTIFIER = "conlini.Meal-Browser";
				PRODUCT_NAME = "$(TARGET_NAME)";
				SWIFT_VERSION = 4.0;
				TARGETED_DEVICE_FAMILY = "1,2";
			};
			name = Debug;
		};
		A903B4431FAC3D0800C81578 /* Release */ = {
			isa = XCBuildConfiguration;
			buildSettings = {
				ASSETCATALOG_COMPILER_APPICON_NAME = AppIcon;
				CODE_SIGN_STYLE = Automatic;
				DEVELOPMENT_TEAM = F94X9793HM;
				INFOPLIST_FILE = "Meal Browser/Info.plist";
				LD_RUNPATH_SEARCH_PATHS = "$(inherited) @executable_path/Frameworks";
				PRODUCT_BUNDLE_IDENTIFIER = "conlini.Meal-Browser";
				PRODUCT_NAME = "$(TARGET_NAME)";
				SWIFT_VERSION = 4.0;
				TARGETED_DEVICE_FAMILY = "1,2";
			};
			name = Release;
		};
/* End XCBuildConfiguration section */

/* Begin XCConfigurationList section */
		A903B42A1FAC3D0800C81578 /* Build configuration list for PBXProject "Meal Browser" */ = {
			isa = XCConfigurationList;
			buildConfigurations = (
				A903B43F1FAC3D0800C81578 /* Debug */,
				A903B4401FAC3D0800C81578 /* Release */,
			);
			defaultConfigurationIsVisible = 0;
			defaultConfigurationName = Release;
		};
		A903B4411FAC3D0800C81578 /* Build configuration list for PBXNativeTarget "Meal Browser" */ = {
			isa = XCConfigurationList;
			buildConfigurations = (
				A903B4421FAC3D0800C81578 /* Debug */,
				A903B4431FAC3D0800C81578 /* Release */,
			);
			defaultConfigurationIsVisible = 0;
			defaultConfigurationName = Release;
		};
/* End XCConfigurationList section */
	};
	rootObject = A903B4271FAC3D0800C81578 /* Project object */;
}
